
Microsoft Visual Studio Solution File, Format Version 12.00
# Visual Studio 15
VisualStudioVersion = 15.0.27130.2026
MinimumVisualStudioVersion = 10.0.40219.1
Project("{8BC9CEB8-8B4A-11D0-8D11-00A0C91BC942}") = "InteractiveXboxSample", "InteractiveXboxSample.vcxproj", "{E9755159-F6BB-4BB0-BDF2-0895D2FE575F}"
EndProject
Global
	GlobalSection(SolutionConfigurationPlatforms) = preSolution
		Debug|Durango = Debug|Durango
		Profile|Durango = Profile|Durango
		Release|Durango = Release|Durango
	EndGlobalSection
	GlobalSection(ProjectConfigurationPlatforms) = postSolution
		{E9755159-F6BB-4BB0-BDF2-0895D2FE575F}.Debug|Durango.ActiveCfg = Debug|Durango
		{E9755159-F6BB-4BB0-BDF2-0895D2FE575F}.Debug|Durango.Build.0 = Debug|Durango
		{E9755159-F6BB-4BB0-BDF2-0895D2FE575F}.Debug|Durango.Deploy.0 = Debug|Durango
		{E9755159-F6BB-4BB0-BDF2-0895D2FE575F}.Profile|Durango.ActiveCfg = Profile|Durango
		{E9755159-F6BB-4BB0-BDF2-0895D2FE575F}.Profile|Durango.Build.0 = Profile|Durango
		{E9755159-F6BB-4BB0-BDF2-0895D2FE575F}.Profile|Durango.Deploy.0 = Profile|Durango
		{E9755159-F6BB-4BB0-BDF2-0895D2FE575F}.Release|Durango.ActiveCfg = Release|Durango
		{E9755159-F6BB-4BB0-BDF2-0895D2FE575F}.Release|Durango.Build.0 = Release|Durango
		{E9755159-F6BB-4BB0-BDF2-0895D2FE575F}.Release|Durango.Deploy.0 = Release|Durango
	EndGlobalSection
	GlobalSection(SolutionProperties) = preSolution
		HideSolutionNode = FALSE
	EndGlobalSection
	GlobalSection(ExtensibilityGlobals) = postSolution
		SolutionGuid = {F249CBE5-1A45-44BC-B58D-42F812159147}
	EndGlobalSection
EndGlobal
